# This file is @generated by PDM.
# It is not intended for manual editing.

[metadata]
groups = ["default", "dev"]
strategy = ["cross_platform", "inherit_metadata"]
lock_version = "4.4.1"
content_hash = "sha256:3cde587ae5e6d7b70b87b2c93de5064763acc78f169c3f390bdda79fab984d84"

[[package]]
name = "annotated-types"
version = "0.6.0"
requires_python = ">=3.8"
summary = "Reusable constraint types to use with typing.Annotated"
groups = ["default"]
files = [
    {file = "annotated_types-0.6.0-py3-none-any.whl", hash = "sha256:0641064de18ba7a25dee8f96403ebc39113d0cb953a01429249d5c7564666a43"},
    {file = "annotated_types-0.6.0.tar.gz", hash = "sha256:563339e807e53ffd9c267e99fc6d9ea23eb8443c08f112651963e24e22f84a5d"},
]

[[package]]
name = "colorama"
version = "0.4.6"
requires_python = "!=3.0.*,!=3.1.*,!=3.2.*,!=3.3.*,!=3.4.*,!=3.5.*,!=3.6.*,>=2.7"
summary = "Cross-platform colored terminal text."
groups = ["default", "dev"]
marker = "sys_platform == \"win32\""
files = [
    {file = "colorama-0.4.6-py2.py3-none-any.whl", hash = "sha256:4f1d9991f5acc0ca119f9d443620b77f9d6b33703e51011c16baf57afb285fc6"},
    {file = "colorama-0.4.6.tar.gz", hash = "sha256:08695f5cb7ed6e0531a20572697297273c47b8cae5a63ffc6d6ed5c201be6e44"},
]

[[package]]
name = "coverage"
version = "7.4.0"
requires_python = ">=3.8"
summary = "Code coverage measurement for Python"
groups = ["dev"]
files = [
    {file = "coverage-7.4.0-cp310-cp310-macosx_10_9_x86_64.whl", hash = "sha256:36b0ea8ab20d6a7564e89cb6135920bc9188fb5f1f7152e94e8300b7b189441a"},
    {file = "coverage-7.4.0-cp310-cp310-macosx_11_0_arm64.whl", hash = "sha256:0676cd0ba581e514b7f726495ea75aba3eb20899d824636c6f59b0ed2f88c471"},
    {file = "coverage-7.4.0-cp310-cp310-manylinux_2_17_aarch64.manylinux2014_aarch64.whl", hash = "sha256:d0ca5c71a5a1765a0f8f88022c52b6b8be740e512980362f7fdbb03725a0d6b9"},
    {file = "coverage-7.4.0-cp310-cp310-manylinux_2_5_i686.manylinux1_i686.manylinux_2_17_i686.manylinux2014_i686.whl", hash = "sha256:a7c97726520f784239f6c62506bc70e48d01ae71e9da128259d61ca5e9788516"},
    {file = "coverage-7.4.0-cp310-cp310-manylinux_2_5_x86_64.manylinux1_x86_64.manylinux_2_17_x86_64.manylinux2014_x86_64.whl", hash = "sha256:815ac2d0f3398a14286dc2cea223a6f338109f9ecf39a71160cd1628786bc6f5"},
    {file = "coverage-7.4.0-cp310-cp310-musllinux_1_1_aarch64.whl", hash = "sha256:80b5ee39b7f0131ebec7968baa9b2309eddb35b8403d1869e08f024efd883566"},
    {file = "coverage-7.4.0-cp310-cp310-musllinux_1_1_i686.whl", hash = "sha256:5b2ccb7548a0b65974860a78c9ffe1173cfb5877460e5a229238d985565574ae"},
    {file = "coverage-7.4.0-cp310-cp310-musllinux_1_1_x86_64.whl", hash = "sha256:995ea5c48c4ebfd898eacb098164b3cc826ba273b3049e4a889658548e321b43"},
    {file = "coverage-7.4.0-cp310-cp310-win32.whl", hash = "sha256:79287fd95585ed36e83182794a57a46aeae0b64ca53929d1176db56aacc83451"},
    {file = "coverage-7.4.0-cp310-cp310-win_amd64.whl", hash = "sha256:5b14b4f8760006bfdb6e08667af7bc2d8d9bfdb648351915315ea17645347137"},
    {file = "coverage-7.4.0-cp311-cp311-macosx_10_9_x86_64.whl", hash = "sha256:04387a4a6ecb330c1878907ce0dc04078ea72a869263e53c72a1ba5bbdf380ca"},
    {file = "coverage-7.4.0-cp311-cp311-macosx_11_0_arm64.whl", hash = "sha256:ea81d8f9691bb53f4fb4db603203029643caffc82bf998ab5b59ca05560f4c06"},
    {file = "coverage-7.4.0-cp311-cp311-manylinux_2_17_aarch64.manylinux2014_aarch64.whl", hash = "sha256:74775198b702868ec2d058cb92720a3c5a9177296f75bd97317c787daf711505"},
    {file = "coverage-7.4.0-cp311-cp311-manylinux_2_5_i686.manylinux1_i686.manylinux_2_17_i686.manylinux2014_i686.whl", hash = "sha256:76f03940f9973bfaee8cfba70ac991825611b9aac047e5c80d499a44079ec0bc"},
    {file = "coverage-7.4.0-cp311-cp311-manylinux_2_5_x86_64.manylinux1_x86_64.manylinux_2_17_x86_64.manylinux2014_x86_64.whl", hash = "sha256:485e9f897cf4856a65a57c7f6ea3dc0d4e6c076c87311d4bc003f82cfe199d25"},
    {file = "coverage-7.4.0-cp311-cp311-musllinux_1_1_aarch64.whl", hash = "sha256:6ae8c9d301207e6856865867d762a4b6fd379c714fcc0607a84b92ee63feff70"},
    {file = "coverage-7.4.0-cp311-cp311-musllinux_1_1_i686.whl", hash = "sha256:bf477c355274a72435ceb140dc42de0dc1e1e0bf6e97195be30487d8eaaf1a09"},
    {file = "coverage-7.4.0-cp311-cp311-musllinux_1_1_x86_64.whl", hash = "sha256:83c2dda2666fe32332f8e87481eed056c8b4d163fe18ecc690b02802d36a4d26"},
    {file = "coverage-7.4.0-cp311-cp311-win32.whl", hash = "sha256:697d1317e5290a313ef0d369650cfee1a114abb6021fa239ca12b4849ebbd614"},
    {file = "coverage-7.4.0-cp311-cp311-win_amd64.whl", hash = "sha256:26776ff6c711d9d835557ee453082025d871e30b3fd6c27fcef14733f67f0590"},
    {file = "coverage-7.4.0-cp312-cp312-macosx_10_9_x86_64.whl", hash = "sha256:13eaf476ec3e883fe3e5fe3707caeb88268a06284484a3daf8250259ef1ba143"},
    {file = "coverage-7.4.0-cp312-cp312-macosx_11_0_arm64.whl", hash = "sha256:846f52f46e212affb5bcf131c952fb4075b55aae6b61adc9856222df89cbe3e2"},
    {file = "coverage-7.4.0-cp312-cp312-manylinux_2_17_aarch64.manylinux2014_aarch64.whl", hash = "sha256:26f66da8695719ccf90e794ed567a1549bb2644a706b41e9f6eae6816b398c4a"},
    {file = "coverage-7.4.0-cp312-cp312-manylinux_2_5_i686.manylinux1_i686.manylinux_2_17_i686.manylinux2014_i686.whl", hash = "sha256:164fdcc3246c69a6526a59b744b62e303039a81e42cfbbdc171c91a8cc2f9446"},
    {file = "coverage-7.4.0-cp312-cp312-manylinux_2_5_x86_64.manylinux1_x86_64.manylinux_2_17_x86_64.manylinux2014_x86_64.whl", hash = "sha256:316543f71025a6565677d84bc4df2114e9b6a615aa39fb165d697dba06a54af9"},
    {file = "coverage-7.4.0-cp312-cp312-musllinux_1_1_aarch64.whl", hash = "sha256:bb1de682da0b824411e00a0d4da5a784ec6496b6850fdf8c865c1d68c0e318dd"},
    {file = "coverage-7.4.0-cp312-cp312-musllinux_1_1_i686.whl", hash = "sha256:0e8d06778e8fbffccfe96331a3946237f87b1e1d359d7fbe8b06b96c95a5407a"},
    {file = "coverage-7.4.0-cp312-cp312-musllinux_1_1_x86_64.whl", hash = "sha256:a56de34db7b7ff77056a37aedded01b2b98b508227d2d0979d373a9b5d353daa"},
    {file = "coverage-7.4.0-cp312-cp312-win32.whl", hash = "sha256:51456e6fa099a8d9d91497202d9563a320513fcf59f33991b0661a4a6f2ad450"},
    {file = "coverage-7.4.0-cp312-cp312-win_amd64.whl", hash = "sha256:cd3c1e4cb2ff0083758f09be0f77402e1bdf704adb7f89108007300a6da587d0"},
    {file = "coverage-7.4.0-pp38.pp39.pp310-none-any.whl", hash = "sha256:c530833afc4707fe48524a44844493f36d8727f04dcce91fb978c414a8556cc6"},
    {file = "coverage-7.4.0.tar.gz", hash = "sha256:707c0f58cb1712b8809ece32b68996ee1e609f71bd14615bd8f87a1293cb610e"},
]

[[package]]
name = "coverage"
version = "7.4.0"
extras = ["toml"]
requires_python = ">=3.8"
summary = "Code coverage measurement for Python"
groups = ["dev"]
dependencies = [
    "coverage==7.4.0",
    "tomli; python_full_version <= \"3.11.0a6\"",
]
files = [
    {file = "coverage-7.4.0-cp310-cp310-macosx_10_9_x86_64.whl", hash = "sha256:36b0ea8ab20d6a7564e89cb6135920bc9188fb5f1f7152e94e8300b7b189441a"},
    {file = "coverage-7.4.0-cp310-cp310-macosx_11_0_arm64.whl", hash = "sha256:0676cd0ba581e514b7f726495ea75aba3eb20899d824636c6f59b0ed2f88c471"},
    {file = "coverage-7.4.0-cp310-cp310-manylinux_2_17_aarch64.manylinux2014_aarch64.whl", hash = "sha256:d0ca5c71a5a1765a0f8f88022c52b6b8be740e512980362f7fdbb03725a0d6b9"},
    {file = "coverage-7.4.0-cp310-cp310-manylinux_2_5_i686.manylinux1_i686.manylinux_2_17_i686.manylinux2014_i686.whl", hash = "sha256:a7c97726520f784239f6c62506bc70e48d01ae71e9da128259d61ca5e9788516"},
    {file = "coverage-7.4.0-cp310-cp310-manylinux_2_5_x86_64.manylinux1_x86_64.manylinux_2_17_x86_64.manylinux2014_x86_64.whl", hash = "sha256:815ac2d0f3398a14286dc2cea223a6f338109f9ecf39a71160cd1628786bc6f5"},
    {file = "coverage-7.4.0-cp310-cp310-musllinux_1_1_aarch64.whl", hash = "sha256:80b5ee39b7f0131ebec7968baa9b2309eddb35b8403d1869e08f024efd883566"},
    {file = "coverage-7.4.0-cp310-cp310-musllinux_1_1_i686.whl", hash = "sha256:5b2ccb7548a0b65974860a78c9ffe1173cfb5877460e5a229238d985565574ae"},
    {file = "coverage-7.4.0-cp310-cp310-musllinux_1_1_x86_64.whl", hash = "sha256:995ea5c48c4ebfd898eacb098164b3cc826ba273b3049e4a889658548e321b43"},
    {file = "coverage-7.4.0-cp310-cp310-win32.whl", hash = "sha256:79287fd95585ed36e83182794a57a46aeae0b64ca53929d1176db56aacc83451"},
    {file = "coverage-7.4.0-cp310-cp310-win_amd64.whl", hash = "sha256:5b14b4f8760006bfdb6e08667af7bc2d8d9bfdb648351915315ea17645347137"},
    {file = "coverage-7.4.0-cp311-cp311-macosx_10_9_x86_64.whl", hash = "sha256:04387a4a6ecb330c1878907ce0dc04078ea72a869263e53c72a1ba5bbdf380ca"},
    {file = "coverage-7.4.0-cp311-cp311-macosx_11_0_arm64.whl", hash = "sha256:ea81d8f9691bb53f4fb4db603203029643caffc82bf998ab5b59ca05560f4c06"},
    {file = "coverage-7.4.0-cp311-cp311-manylinux_2_17_aarch64.manylinux2014_aarch64.whl", hash = "sha256:74775198b702868ec2d058cb92720a3c5a9177296f75bd97317c787daf711505"},
    {file = "coverage-7.4.0-cp311-cp311-manylinux_2_5_i686.manylinux1_i686.manylinux_2_17_i686.manylinux2014_i686.whl", hash = "sha256:76f03940f9973bfaee8cfba70ac991825611b9aac047e5c80d499a44079ec0bc"},
    {file = "coverage-7.4.0-cp311-cp311-manylinux_2_5_x86_64.manylinux1_x86_64.manylinux_2_17_x86_64.manylinux2014_x86_64.whl", hash = "sha256:485e9f897cf4856a65a57c7f6ea3dc0d4e6c076c87311d4bc003f82cfe199d25"},
    {file = "coverage-7.4.0-cp311-cp311-musllinux_1_1_aarch64.whl", hash = "sha256:6ae8c9d301207e6856865867d762a4b6fd379c714fcc0607a84b92ee63feff70"},
    {file = "coverage-7.4.0-cp311-cp311-musllinux_1_1_i686.whl", hash = "sha256:bf477c355274a72435ceb140dc42de0dc1e1e0bf6e97195be30487d8eaaf1a09"},
    {file = "coverage-7.4.0-cp311-cp311-musllinux_1_1_x86_64.whl", hash = "sha256:83c2dda2666fe32332f8e87481eed056c8b4d163fe18ecc690b02802d36a4d26"},
    {file = "coverage-7.4.0-cp311-cp311-win32.whl", hash = "sha256:697d1317e5290a313ef0d369650cfee1a114abb6021fa239ca12b4849ebbd614"},
    {file = "coverage-7.4.0-cp311-cp311-win_amd64.whl", hash = "sha256:26776ff6c711d9d835557ee453082025d871e30b3fd6c27fcef14733f67f0590"},
    {file = "coverage-7.4.0-cp312-cp312-macosx_10_9_x86_64.whl", hash = "sha256:13eaf476ec3e883fe3e5fe3707caeb88268a06284484a3daf8250259ef1ba143"},
    {file = "coverage-7.4.0-cp312-cp312-macosx_11_0_arm64.whl", hash = "sha256:846f52f46e212affb5bcf131c952fb4075b55aae6b61adc9856222df89cbe3e2"},
    {file = "coverage-7.4.0-cp312-cp312-manylinux_2_17_aarch64.manylinux2014_aarch64.whl", hash = "sha256:26f66da8695719ccf90e794ed567a1549bb2644a706b41e9f6eae6816b398c4a"},
    {file = "coverage-7.4.0-cp312-cp312-manylinux_2_5_i686.manylinux1_i686.manylinux_2_17_i686.manylinux2014_i686.whl", hash = "sha256:164fdcc3246c69a6526a59b744b62e303039a81e42cfbbdc171c91a8cc2f9446"},
    {file = "coverage-7.4.0-cp312-cp312-manylinux_2_5_x86_64.manylinux1_x86_64.manylinux_2_17_x86_64.manylinux2014_x86_64.whl", hash = "sha256:316543f71025a6565677d84bc4df2114e9b6a615aa39fb165d697dba06a54af9"},
    {file = "coverage-7.4.0-cp312-cp312-musllinux_1_1_aarch64.whl", hash = "sha256:bb1de682da0b824411e00a0d4da5a784ec6496b6850fdf8c865c1d68c0e318dd"},
    {file = "coverage-7.4.0-cp312-cp312-musllinux_1_1_i686.whl", hash = "sha256:0e8d06778e8fbffccfe96331a3946237f87b1e1d359d7fbe8b06b96c95a5407a"},
    {file = "coverage-7.4.0-cp312-cp312-musllinux_1_1_x86_64.whl", hash = "sha256:a56de34db7b7ff77056a37aedded01b2b98b508227d2d0979d373a9b5d353daa"},
    {file = "coverage-7.4.0-cp312-cp312-win32.whl", hash = "sha256:51456e6fa099a8d9d91497202d9563a320513fcf59f33991b0661a4a6f2ad450"},
    {file = "coverage-7.4.0-cp312-cp312-win_amd64.whl", hash = "sha256:cd3c1e4cb2ff0083758f09be0f77402e1bdf704adb7f89108007300a6da587d0"},
    {file = "coverage-7.4.0-pp38.pp39.pp310-none-any.whl", hash = "sha256:c530833afc4707fe48524a44844493f36d8727f04dcce91fb978c414a8556cc6"},
    {file = "coverage-7.4.0.tar.gz", hash = "sha256:707c0f58cb1712b8809ece32b68996ee1e609f71bd14615bd8f87a1293cb610e"},
]

[[package]]
name = "docstring-parser"
version = "0.11"
requires_python = ">=3.6"
summary = "\"Parse Python docstrings in reST, Google and Numpydoc format\""
groups = ["dev"]
files = [
    {file = "docstring_parser-0.11.tar.gz", hash = "sha256:93b3f8f481c7d24e37c5d9f30293c89e2933fa209421c8abd731dd3ef0715ecb"},
]

[[package]]
name = "exceptiongroup"
version = "1.2.0"
requires_python = ">=3.7"
summary = "Backport of PEP 654 (exception groups)"
groups = ["default", "dev"]
marker = "python_version < \"3.11\""
files = [
    {file = "exceptiongroup-1.2.0-py3-none-any.whl", hash = "sha256:4bfd3996ac73b41e9b9628b04e079f193850720ea5945fc96a08633c66912f14"},
    {file = "exceptiongroup-1.2.0.tar.gz", hash = "sha256:91f5c769735f051a4290d52edd0858999b57e5876e9f85937691bd4c9fa3ed68"},
]

[[package]]
name = "filelock"
version = "3.13.1"
requires_python = ">=3.8"
summary = "A platform independent file lock."
groups = ["default"]
files = [
    {file = "filelock-3.13.1-py3-none-any.whl", hash = "sha256:57dbda9b35157b05fb3e58ee91448612eb674172fab98ee235ccb0b5bee19a1c"},
    {file = "filelock-3.13.1.tar.gz", hash = "sha256:521f5f56c50f8426f5e03ad3b281b490a87ef15bc6c526f168290f0c7148d44e"},
]

[[package]]
name = "iniconfig"
version = "2.0.0"
requires_python = ">=3.7"
summary = "brain-dead simple config-ini parsing"
groups = ["default", "dev"]
files = [
    {file = "iniconfig-2.0.0-py3-none-any.whl", hash = "sha256:b6a85871a79d2e3b22d2d1b94ac2824226a63c6b741c88f7ae975f18b6778374"},
    {file = "iniconfig-2.0.0.tar.gz", hash = "sha256:2d91e135bf72d31a410b17c16da610a82cb55f6b0477d1a902134b24a455b8b3"},
]

[[package]]
name = "jsonref"
version = "1.1.0"
requires_python = ">=3.7"
summary = "jsonref is a library for automatic dereferencing of JSON Reference objects for Python."
groups = ["dev"]
files = [
    {file = "jsonref-1.1.0-py3-none-any.whl", hash = "sha256:590dc7773df6c21cbf948b5dac07a72a251db28b0238ceecce0a2abfa8ec30a9"},
    {file = "jsonref-1.1.0.tar.gz", hash = "sha256:32fe8e1d85af0fdefbebce950af85590b22b60f9e95443176adbde4e1ecea552"},
]

[[package]]
name = "mypy"
version = "1.8.0"
requires_python = ">=3.8"
summary = "Optional static typing for Python"
groups = ["dev"]
dependencies = [
    "mypy-extensions>=1.0.0",
    "tomli>=1.1.0; python_version < \"3.11\"",
    "typing-extensions>=4.1.0",
]
files = [
    {file = "mypy-1.8.0-cp311-cp311-macosx_10_9_x86_64.whl", hash = "sha256:855fe27b80375e5c5878492f0729540db47b186509c98dae341254c8f45f42ae"},
    {file = "mypy-1.8.0-cp311-cp311-macosx_11_0_arm64.whl", hash = "sha256:4c886c6cce2d070bd7df4ec4a05a13ee20c0aa60cb587e8d1265b6c03cf91da3"},
    {file = "mypy-1.8.0-cp311-cp311-manylinux_2_17_x86_64.manylinux2014_x86_64.whl", hash = "sha256:d19c413b3c07cbecf1f991e2221746b0d2a9410b59cb3f4fb9557f0365a1a817"},
    {file = "mypy-1.8.0-cp311-cp311-musllinux_1_1_x86_64.whl", hash = "sha256:9261ed810972061388918c83c3f5cd46079d875026ba97380f3e3978a72f503d"},
    {file = "mypy-1.8.0-cp311-cp311-win_amd64.whl", hash = "sha256:51720c776d148bad2372ca21ca29256ed483aa9a4cdefefcef49006dff2a6835"},
    {file = "mypy-1.8.0-cp312-cp312-macosx_10_9_x86_64.whl", hash = "sha256:52825b01f5c4c1c4eb0db253ec09c7aa17e1a7304d247c48b6f3599ef40db8bd"},
    {file = "mypy-1.8.0-cp312-cp312-macosx_11_0_arm64.whl", hash = "sha256:f5ac9a4eeb1ec0f1ccdc6f326bcdb464de5f80eb07fb38b5ddd7b0de6bc61e55"},
    {file = "mypy-1.8.0-cp312-cp312-manylinux_2_17_x86_64.manylinux2014_x86_64.whl", hash = "sha256:afe3fe972c645b4632c563d3f3eff1cdca2fa058f730df2b93a35e3b0c538218"},
    {file = "mypy-1.8.0-cp312-cp312-musllinux_1_1_x86_64.whl", hash = "sha256:42c6680d256ab35637ef88891c6bd02514ccb7e1122133ac96055ff458f93fc3"},
    {file = "mypy-1.8.0-cp312-cp312-win_amd64.whl", hash = "sha256:720a5ca70e136b675af3af63db533c1c8c9181314d207568bbe79051f122669e"},
    {file = "mypy-1.8.0-py3-none-any.whl", hash = "sha256:538fd81bb5e430cc1381a443971c0475582ff9f434c16cd46d2c66763ce85d9d"},
    {file = "mypy-1.8.0.tar.gz", hash = "sha256:6ff8b244d7085a0b425b56d327b480c3b29cafbd2eff27316a004f9a7391ae07"},
]

[[package]]
name = "mypy-extensions"
version = "1.0.0"
requires_python = ">=3.5"
summary = "Type system extensions for programs checked with the mypy type checker."
groups = ["dev"]
files = [
    {file = "mypy_extensions-1.0.0-py3-none-any.whl", hash = "sha256:4392f6c0eb8a5668a69e23d168ffa70f0be9ccfd32b5cc2d26a34ae5b844552d"},
    {file = "mypy_extensions-1.0.0.tar.gz", hash = "sha256:75dbf8955dc00442a438fc4d0666508a9a97b6bd41aa2f0ffe9d2f2725af0782"},
]

[[package]]
name = "packaging"
version = "23.2"
requires_python = ">=3.7"
summary = "Core utilities for Python packages"
groups = ["default", "dev"]
files = [
    {file = "packaging-23.2-py3-none-any.whl", hash = "sha256:8c491190033a9af7e1d931d0b5dacc2ef47509b34dd0de67ed209b5203fc88c7"},
    {file = "packaging-23.2.tar.gz", hash = "sha256:048fb0e9405036518eaaf48a55953c750c11e1a1b68e0dd1a9d62ed0c092cfc5"},
]

[[package]]
name = "paho-mqtt"
version = "1.6.1"
summary = "MQTT version 5.0/3.1.1 client class"
groups = ["default"]
files = [
    {file = "paho-mqtt-1.6.1.tar.gz", hash = "sha256:2a8291c81623aec00372b5a85558a372c747cbca8e9934dfe218638b8eefc26f"},
]

[[package]]
name = "pluggy"
version = "1.3.0"
requires_python = ">=3.8"
summary = "plugin and hook calling mechanisms for python"
groups = ["default", "dev"]
files = [
    {file = "pluggy-1.3.0-py3-none-any.whl", hash = "sha256:d89c696a773f8bd377d18e5ecda92b7a3793cbe66c87060a6fb58c7b6e1061f7"},
    {file = "pluggy-1.3.0.tar.gz", hash = "sha256:cf61ae8f126ac6f7c451172cf30e3e43d3ca77615509771b3a984a0730651e12"},
]

[[package]]
name = "psutil"
version = "5.9.7"
requires_python = ">=2.7, !=3.0.*, !=3.1.*, !=3.2.*, !=3.3.*, !=3.4.*, !=3.5.*"
summary = "Cross-platform lib for process and system monitoring in Python."
groups = ["default"]
files = [
    {file = "psutil-5.9.7-cp36-abi3-macosx_10_9_x86_64.whl", hash = "sha256:ea36cc62e69a13ec52b2f625c27527f6e4479bca2b340b7a452af55b34fcbe2e"},
    {file = "psutil-5.9.7-cp36-abi3-manylinux_2_12_i686.manylinux2010_i686.manylinux_2_17_i686.manylinux2014_i686.whl", hash = "sha256:1132704b876e58d277168cd729d64750633d5ff0183acf5b3c986b8466cd0284"},
    {file = "psutil-5.9.7-cp36-abi3-manylinux_2_12_x86_64.manylinux2010_x86_64.manylinux_2_17_x86_64.manylinux2014_x86_64.whl", hash = "sha256:fe8b7f07948f1304497ce4f4684881250cd859b16d06a1dc4d7941eeb6233bfe"},
    {file = "psutil-5.9.7-cp37-abi3-win32.whl", hash = "sha256:c727ca5a9b2dd5193b8644b9f0c883d54f1248310023b5ad3e92036c5e2ada68"},
    {file = "psutil-5.9.7-cp37-abi3-win_amd64.whl", hash = "sha256:f37f87e4d73b79e6c5e749440c3113b81d1ee7d26f21c19c47371ddea834f414"},
    {file = "psutil-5.9.7-cp38-abi3-macosx_11_0_arm64.whl", hash = "sha256:032f4f2c909818c86cea4fe2cc407f1c0f0cde8e6c6d702b28b8ce0c0d143340"},
    {file = "psutil-5.9.7.tar.gz", hash = "sha256:3f02134e82cfb5d089fddf20bb2e03fd5cd52395321d1c8458a9e58500ff417c"},
]

[[package]]
name = "pydantic"
version = "2.5.3"
requires_python = ">=3.7"
summary = "Data validation using Python type hints"
groups = ["default"]
dependencies = [
    "annotated-types>=0.4.0",
    "pydantic-core==2.14.6",
    "typing-extensions>=4.6.1",
]
files = [
    {file = "pydantic-2.5.3-py3-none-any.whl", hash = "sha256:d0caf5954bee831b6bfe7e338c32b9e30c85dfe080c843680783ac2b631673b4"},
    {file = "pydantic-2.5.3.tar.gz", hash = "sha256:b3ef57c62535b0941697cce638c08900d87fcb67e29cfa99e8a68f747f393f7a"},
]

[[package]]
name = "pydantic-core"
version = "2.14.6"
requires_python = ">=3.7"
summary = ""
groups = ["default"]
dependencies = [
    "typing-extensions!=4.7.0,>=4.6.0",
]
files = [
    {file = "pydantic_core-2.14.6-cp311-cp311-macosx_10_7_x86_64.whl", hash = "sha256:dea7fcd62915fb150cdc373212141a30037e11b761fbced340e9db3379b892d4"},
    {file = "pydantic_core-2.14.6-cp311-cp311-macosx_11_0_arm64.whl", hash = "sha256:ffff855100bc066ff2cd3aa4a60bc9534661816b110f0243e59503ec2df38421"},
    {file = "pydantic_core-2.14.6-cp311-cp311-manylinux_2_17_aarch64.manylinux2014_aarch64.whl", hash = "sha256:1b027c86c66b8627eb90e57aee1f526df77dc6d8b354ec498be9a757d513b92b"},
    {file = "pydantic_core-2.14.6-cp311-cp311-manylinux_2_17_armv7l.manylinux2014_armv7l.whl", hash = "sha256:00b1087dabcee0b0ffd104f9f53d7d3eaddfaa314cdd6726143af6bc713aa27e"},
    {file = "pydantic_core-2.14.6-cp311-cp311-manylinux_2_17_ppc64le.manylinux2014_ppc64le.whl", hash = "sha256:75ec284328b60a4e91010c1acade0c30584f28a1f345bc8f72fe8b9e46ec6a96"},
    {file = "pydantic_core-2.14.6-cp311-cp311-manylinux_2_17_s390x.manylinux2014_s390x.whl", hash = "sha256:7e1f4744eea1501404b20b0ac059ff7e3f96a97d3e3f48ce27a139e053bb370b"},
    {file = "pydantic_core-2.14.6-cp311-cp311-manylinux_2_17_x86_64.manylinux2014_x86_64.whl", hash = "sha256:b2602177668f89b38b9f84b7b3435d0a72511ddef45dc14446811759b82235a1"},
    {file = "pydantic_core-2.14.6-cp311-cp311-manylinux_2_5_i686.manylinux1_i686.whl", hash = "sha256:6c8edaea3089bf908dd27da8f5d9e395c5b4dc092dbcce9b65e7156099b4b937"},
    {file = "pydantic_core-2.14.6-cp311-cp311-musllinux_1_1_aarch64.whl", hash = "sha256:478e9e7b360dfec451daafe286998d4a1eeaecf6d69c427b834ae771cad4b622"},
    {file = "pydantic_core-2.14.6-cp311-cp311-musllinux_1_1_x86_64.whl", hash = "sha256:b6ca36c12a5120bad343eef193cc0122928c5c7466121da7c20f41160ba00ba2"},
    {file = "pydantic_core-2.14.6-cp311-none-win32.whl", hash = "sha256:2b8719037e570639e6b665a4050add43134d80b687288ba3ade18b22bbb29dd2"},
    {file = "pydantic_core-2.14.6-cp311-none-win_amd64.whl", hash = "sha256:78ee52ecc088c61cce32b2d30a826f929e1708f7b9247dc3b921aec367dc1b23"},
    {file = "pydantic_core-2.14.6-cp311-none-win_arm64.whl", hash = "sha256:a19b794f8fe6569472ff77602437ec4430f9b2b9ec7a1105cfd2232f9ba355e6"},
    {file = "pydantic_core-2.14.6-cp312-cp312-macosx_10_7_x86_64.whl", hash = "sha256:667aa2eac9cd0700af1ddb38b7b1ef246d8cf94c85637cbb03d7757ca4c3fdec"},
    {file = "pydantic_core-2.14.6-cp312-cp312-macosx_11_0_arm64.whl", hash = "sha256:cdee837710ef6b56ebd20245b83799fce40b265b3b406e51e8ccc5b85b9099b7"},
    {file = "pydantic_core-2.14.6-cp312-cp312-manylinux_2_17_aarch64.manylinux2014_aarch64.whl", hash = "sha256:2c5bcf3414367e29f83fd66f7de64509a8fd2368b1edf4351e862910727d3e51"},
    {file = "pydantic_core-2.14.6-cp312-cp312-manylinux_2_17_armv7l.manylinux2014_armv7l.whl", hash = "sha256:26a92ae76f75d1915806b77cf459811e772d8f71fd1e4339c99750f0e7f6324f"},
    {file = "pydantic_core-2.14.6-cp312-cp312-manylinux_2_17_ppc64le.manylinux2014_ppc64le.whl", hash = "sha256:a983cca5ed1dd9a35e9e42ebf9f278d344603bfcb174ff99a5815f953925140a"},
    {file = "pydantic_core-2.14.6-cp312-cp312-manylinux_2_17_s390x.manylinux2014_s390x.whl", hash = "sha256:cb92f9061657287eded380d7dc455bbf115430b3aa4741bdc662d02977e7d0af"},
    {file = "pydantic_core-2.14.6-cp312-cp312-manylinux_2_17_x86_64.manylinux2014_x86_64.whl", hash = "sha256:e4ace1e220b078c8e48e82c081e35002038657e4b37d403ce940fa679e57113b"},
    {file = "pydantic_core-2.14.6-cp312-cp312-manylinux_2_5_i686.manylinux1_i686.whl", hash = "sha256:ef633add81832f4b56d3b4c9408b43d530dfca29e68fb1b797dcb861a2c734cd"},
    {file = "pydantic_core-2.14.6-cp312-cp312-musllinux_1_1_aarch64.whl", hash = "sha256:7e90d6cc4aad2cc1f5e16ed56e46cebf4877c62403a311af20459c15da76fd91"},
    {file = "pydantic_core-2.14.6-cp312-cp312-musllinux_1_1_x86_64.whl", hash = "sha256:e8a5ac97ea521d7bde7621d86c30e86b798cdecd985723c4ed737a2aa9e77d0c"},
    {file = "pydantic_core-2.14.6-cp312-none-win32.whl", hash = "sha256:f27207e8ca3e5e021e2402ba942e5b4c629718e665c81b8b306f3c8b1ddbb786"},
    {file = "pydantic_core-2.14.6-cp312-none-win_amd64.whl", hash = "sha256:b3e5fe4538001bb82e2295b8d2a39356a84694c97cb73a566dc36328b9f83b40"},
    {file = "pydantic_core-2.14.6-cp312-none-win_arm64.whl", hash = "sha256:64634ccf9d671c6be242a664a33c4acf12882670b09b3f163cd00a24cffbd74e"},
    {file = "pydantic_core-2.14.6-pp310-pypy310_pp73-macosx_10_7_x86_64.whl", hash = "sha256:d5c28525c19f5bb1e09511669bb57353d22b94cf8b65f3a8d141c389a55dec95"},
    {file = "pydantic_core-2.14.6-pp310-pypy310_pp73-macosx_11_0_arm64.whl", hash = "sha256:78d0768ee59baa3de0f4adac9e3748b4b1fffc52143caebddfd5ea2961595277"},
    {file = "pydantic_core-2.14.6-pp310-pypy310_pp73-manylinux_2_17_aarch64.manylinux2014_aarch64.whl", hash = "sha256:8b93785eadaef932e4fe9c6e12ba67beb1b3f1e5495631419c784ab87e975670"},
    {file = "pydantic_core-2.14.6-pp310-pypy310_pp73-manylinux_2_17_x86_64.manylinux2014_x86_64.whl", hash = "sha256:a874f21f87c485310944b2b2734cd6d318765bcbb7515eead33af9641816506e"},
    {file = "pydantic_core-2.14.6-pp310-pypy310_pp73-manylinux_2_5_i686.manylinux1_i686.whl", hash = "sha256:b89f4477d915ea43b4ceea6756f63f0288941b6443a2b28c69004fe07fde0d0d"},
    {file = "pydantic_core-2.14.6-pp310-pypy310_pp73-musllinux_1_1_aarch64.whl", hash = "sha256:172de779e2a153d36ee690dbc49c6db568d7b33b18dc56b69a7514aecbcf380d"},
    {file = "pydantic_core-2.14.6-pp310-pypy310_pp73-musllinux_1_1_x86_64.whl", hash = "sha256:dfcebb950aa7e667ec226a442722134539e77c575f6cfaa423f24371bb8d2e94"},
    {file = "pydantic_core-2.14.6-pp310-pypy310_pp73-win_amd64.whl", hash = "sha256:55a23dcd98c858c0db44fc5c04fc7ed81c4b4d33c653a7c45ddaebf6563a2f66"},
    {file = "pydantic_core-2.14.6-pp37-pypy37_pp73-macosx_10_7_x86_64.whl", hash = "sha256:4241204e4b36ab5ae466ecec5c4c16527a054c69f99bba20f6f75232a6a534e2"},
    {file = "pydantic_core-2.14.6-pp37-pypy37_pp73-manylinux_2_17_aarch64.manylinux2014_aarch64.whl", hash = "sha256:e574de99d735b3fc8364cba9912c2bec2da78775eba95cbb225ef7dda6acea24"},
    {file = "pydantic_core-2.14.6-pp37-pypy37_pp73-manylinux_2_17_x86_64.manylinux2014_x86_64.whl", hash = "sha256:1302a54f87b5cd8528e4d6d1bf2133b6aa7c6122ff8e9dc5220fbc1e07bffebd"},
    {file = "pydantic_core-2.14.6-pp37-pypy37_pp73-manylinux_2_5_i686.manylinux1_i686.whl", hash = "sha256:f8e81e4b55930e5ffab4a68db1af431629cf2e4066dbdbfef65348b8ab804ea8"},
    {file = "pydantic_core-2.14.6-pp37-pypy37_pp73-musllinux_1_1_aarch64.whl", hash = "sha256:c99462ffc538717b3e60151dfaf91125f637e801f5ab008f81c402f1dff0cd0f"},
    {file = "pydantic_core-2.14.6-pp37-pypy37_pp73-musllinux_1_1_x86_64.whl", hash = "sha256:e4cf2d5829f6963a5483ec01578ee76d329eb5caf330ecd05b3edd697e7d768a"},
    {file = "pydantic_core-2.14.6-pp38-pypy38_pp73-macosx_10_7_x86_64.whl", hash = "sha256:cf10b7d58ae4a1f07fccbf4a0a956d705356fea05fb4c70608bb6fa81d103cda"},
    {file = "pydantic_core-2.14.6-pp38-pypy38_pp73-macosx_11_0_arm64.whl", hash = "sha256:399ac0891c284fa8eb998bcfa323f2234858f5d2efca3950ae58c8f88830f145"},
    {file = "pydantic_core-2.14.6-pp38-pypy38_pp73-manylinux_2_17_aarch64.manylinux2014_aarch64.whl", hash = "sha256:9c6a5c79b28003543db3ba67d1df336f253a87d3112dac3a51b94f7d48e4c0e1"},
    {file = "pydantic_core-2.14.6-pp38-pypy38_pp73-manylinux_2_17_x86_64.manylinux2014_x86_64.whl", hash = "sha256:599c87d79cab2a6a2a9df4aefe0455e61e7d2aeede2f8577c1b7c0aec643ee8e"},
    {file = "pydantic_core-2.14.6-pp38-pypy38_pp73-manylinux_2_5_i686.manylinux1_i686.whl", hash = "sha256:43e166ad47ba900f2542a80d83f9fc65fe99eb63ceec4debec160ae729824052"},
    {file = "pydantic_core-2.14.6-pp38-pypy38_pp73-musllinux_1_1_aarch64.whl", hash = "sha256:3a0b5db001b98e1c649dd55afa928e75aa4087e587b9524a4992316fa23c9fba"},
    {file = "pydantic_core-2.14.6-pp38-pypy38_pp73-musllinux_1_1_x86_64.whl", hash = "sha256:747265448cb57a9f37572a488a57d873fd96bf51e5bb7edb52cfb37124516da4"},
    {file = "pydantic_core-2.14.6-pp38-pypy38_pp73-win_amd64.whl", hash = "sha256:7ebe3416785f65c28f4f9441e916bfc8a54179c8dea73c23023f7086fa601c5d"},
    {file = "pydantic_core-2.14.6-pp39-pypy39_pp73-macosx_10_7_x86_64.whl", hash = "sha256:86c963186ca5e50d5c8287b1d1c9d3f8f024cbe343d048c5bd282aec2d8641f2"},
    {file = "pydantic_core-2.14.6-pp39-pypy39_pp73-macosx_11_0_arm64.whl", hash = "sha256:e0641b506486f0b4cd1500a2a65740243e8670a2549bb02bc4556a83af84ae03"},
    {file = "pydantic_core-2.14.6-pp39-pypy39_pp73-manylinux_2_17_aarch64.manylinux2014_aarch64.whl", hash = "sha256:71d72ca5eaaa8d38c8df16b7deb1a2da4f650c41b58bb142f3fb75d5ad4a611f"},
    {file = "pydantic_core-2.14.6-pp39-pypy39_pp73-manylinux_2_17_x86_64.manylinux2014_x86_64.whl", hash = "sha256:27e524624eace5c59af499cd97dc18bb201dc6a7a2da24bfc66ef151c69a5f2a"},
    {file = "pydantic_core-2.14.6-pp39-pypy39_pp73-manylinux_2_5_i686.manylinux1_i686.whl", hash = "sha256:a3dde6cac75e0b0902778978d3b1646ca9f438654395a362cb21d9ad34b24acf"},
    {file = "pydantic_core-2.14.6-pp39-pypy39_pp73-musllinux_1_1_aarch64.whl", hash = "sha256:00646784f6cd993b1e1c0e7b0fdcbccc375d539db95555477771c27555e3c556"},
    {file = "pydantic_core-2.14.6-pp39-pypy39_pp73-musllinux_1_1_x86_64.whl", hash = "sha256:23598acb8ccaa3d1d875ef3b35cb6376535095e9405d91a3d57a8c7db5d29341"},
    {file = "pydantic_core-2.14.6-pp39-pypy39_pp73-win_amd64.whl", hash = "sha256:7f41533d7e3cf9520065f610b41ac1c76bc2161415955fbcead4981b22c7611e"},
    {file = "pydantic_core-2.14.6.tar.gz", hash = "sha256:1fd0c1d395372843fba13a51c28e3bb9d59bd7aebfeb17358ffaaa1e4dbbe948"},
]

[[package]]
name = "pytest"
version = "7.4.4"
requires_python = ">=3.7"
summary = "pytest: simple powerful testing with Python"
groups = ["default", "dev"]
dependencies = [
    "colorama; sys_platform == \"win32\"",
    "exceptiongroup>=1.0.0rc8; python_version < \"3.11\"",
    "iniconfig",
    "packaging",
    "pluggy<2.0,>=0.12",
    "tomli>=1.0.0; python_version < \"3.11\"",
]
files = [
    {file = "pytest-7.4.4-py3-none-any.whl", hash = "sha256:b090cdf5ed60bf4c45261be03239c2c1c22df034fbffe691abe93cd80cea01d8"},
    {file = "pytest-7.4.4.tar.gz", hash = "sha256:2cf0005922c6ace4a3e2ec8b4080eb0d9753fdc93107415332f50ce9e7994280"},
]

[[package]]
name = "pytest-cov"
version = "4.1.0"
requires_python = ">=3.7"
summary = "Pytest plugin for measuring coverage."
groups = ["dev"]
dependencies = [
    "coverage[toml]>=5.2.1",
    "pytest>=4.6",
]
files = [
    {file = "pytest-cov-4.1.0.tar.gz", hash = "sha256:3904b13dfbfec47f003b8e77fd5b589cd11904a21ddf1ab38a64f204d6a10ef6"},
    {file = "pytest_cov-4.1.0-py3-none-any.whl", hash = "sha256:6ba70b9e97e69fcc3fb45bfeab2d0a138fb65c4d0d6a41ef33983ad114be8c3a"},
]

[[package]]
name = "python-dotenv"
version = "1.0.0"
requires_python = ">=3.8"
summary = "Read key-value pairs from a .env file and set them as environment variables"
groups = ["default"]
files = [
    {file = "python-dotenv-1.0.0.tar.gz", hash = "sha256:a8df96034aae6d2d50a4ebe8216326c61c3eb64836776504fcca410e5937a3ba"},
    {file = "python_dotenv-1.0.0-py3-none-any.whl", hash = "sha256:f5971a9226b701070a4bf2c38c89e5a3f0d64de8debda981d1db98583009122a"},
]

[[package]]
name = "setuptools"
version = "69.0.3"
requires_python = ">=3.8"
summary = "Easily download, build, install, upgrade, and uninstall Python packages"
groups = ["dev"]
files = [
    {file = "setuptools-69.0.3-py3-none-any.whl", hash = "sha256:385eb4edd9c9d5c17540511303e39a147ce2fc04bc55289c322b9e5904fe2c05"},
    {file = "setuptools-69.0.3.tar.gz", hash = "sha256:be1af57fc409f93647f2e8e4573a142ed38724b8cdd389706a867bb4efcf1e78"},
]

[[package]]
name = "tenta"
version = "0.1.4"
requires_python = "<4.0,>=3.8"
summary = "Python client library for Tenta, a sensor network management tool"
groups = ["default"]
dependencies = [
    "paho-mqtt>=1.6.1",
]
files = [
    {file = "tenta-0.1.4-py3-none-any.whl", hash = "sha256:8c1a062fc4e4337b53dec088d0f69705cb1b7e696f4d7f83c34cb5e7aad56574"},
    {file = "tenta-0.1.4.tar.gz", hash = "sha256:a2e9444cd662a6a9468b3614cfb2e22f2bb6502e870b6ca3e59ab8210218d339"},
]

[[package]]
name = "tomli"
version = "2.0.1"
requires_python = ">=3.7"
summary = "A lil' TOML parser"
groups = ["default", "dev"]
marker = "python_version < \"3.11\""
files = [
    {file = "tomli-2.0.1-py3-none-any.whl", hash = "sha256:939de3e7a6161af0c887ef91b7d41a53e7c5a1ca976325f429cb46ea9bc30ecc"},
    {file = "tomli-2.0.1.tar.gz", hash = "sha256:de526c12914f0c550d15924c62d72abc48d6fe7364aa87328337a31007fe8a4f"},
]

[[package]]
name = "types-paho-mqtt"
version = "1.6.0.20240106"
requires_python = ">=3.8"
summary = "Typing stubs for paho-mqtt"
groups = ["dev"]
files = [
    {file = "types-paho-mqtt-1.6.0.20240106.tar.gz", hash = "sha256:6b486b9e4438c856cc0ac8312bf6a81c2bca1697bf36cde6d2ecddb44513550e"},
    {file = "types_paho_mqtt-1.6.0.20240106-py3-none-any.whl", hash = "sha256:1d233c2c017a512ebbec24d6a90d94302767c75a33a7c2584a660eac7fade248"},
]

[[package]]
name = "types-psutil"
version = "5.9.5.20240106"
requires_python = ">=3.8"
summary = "Typing stubs for psutil"
groups = ["dev"]
files = [
    {file = "types-psutil-5.9.5.20240106.tar.gz", hash = "sha256:60b233fb613b41fe859526103dbda0b4812d7a16c5f791119ec7016fbe1c8128"},
    {file = "types_psutil-5.9.5.20240106-py3-none-any.whl", hash = "sha256:fea169a85b1bb9d9edd0b063a93ad950e37d574290b1bf11ef5e46c9c5d82326"},
]

[[package]]
name = "typing-extensions"
version = "4.6.3"
requires_python = ">=3.7"
summary = "Backported and Experimental Type Hints for Python 3.7+"
groups = ["default", "dev"]
files = [
    {file = "typing_extensions-4.6.3-py3-none-any.whl", hash = "sha256:88a4153d8505aabbb4e13aacb7c486c2b4a33ca3b3f807914a9b4c844c471c26"},
    {file = "typing_extensions-4.6.3.tar.gz", hash = "sha256:d91d5919357fe7f681a9f2b5b4cb2a5f1ef0a1e9f59c4d8ff0d3491e05c0ffd5"},
]
